
Microsoft Visual Studio Solution File, Format Version 12.00
# Visual Studio Version 16
VisualStudioVersion = 16.0.30002.166
MinimumVisualStudioVersion = 10.0.40219.1
Project("{FAE04EC0-301F-11D3-BF4B-00C04F79EFBC}") = "Food", "Food\Food.csproj", "{F2F647BE-20BA-4FB7-9BC0-1EFF66844944}"
EndProject
Global
	GlobalSection(SolutionConfigurationPlatforms) = preSolution
		Debug|Any CPU = Debug|Any CPU
		Release|Any CPU = Release|Any CPU
	EndGlobalSection
	GlobalSection(ProjectConfigurationPlatforms) = postSolution
		{F2F647BE-20BA-4FB7-9BC0-1EFF66844944}.Debug|Any CPU.ActiveCfg = Debug|Any CPU
		{F2F647BE-20BA-4FB7-9BC0-1EFF66844944}.Debug|Any CPU.Build.0 = Debug|Any CPU
		{F2F647BE-20BA-4FB7-9BC0-1EFF66844944}.Release|Any CPU.ActiveCfg = Release|Any CPU
		{F2F647BE-20BA-4FB7-9BC0-1EFF66844944}.Release|Any CPU.Build.0 = Release|Any CPU
	EndGlobalSection
	GlobalSection(SolutionProperties) = preSolution
		HideSolutionNode = FALSE
	EndGlobalSection
	GlobalSection(ExtensibilityGlobals) = postSolution
		SolutionGuid = {F3FBEEB8-20C0-4916-BE05-C974B318416D}
	EndGlobalSection
EndGlobal
